
Microsoft Visual Studio Solution File, Format Version 12.00
# Visual Studio Version 16
VisualStudioVersion = 16.0.31911.196
MinimumVisualStudioVersion = 10.0.40219.1
Project("{FAE04EC0-301F-11D3-BF4B-00C04F79EFBC}") = "MeterReadingDemo", "MeterReadingDemo\MeterReadingDemo.csproj", "{BDFF1E14-2C65-4E9A-A806-738EAFBB0D94}"
EndProject
Global
	GlobalSection(SolutionConfigurationPlatforms) = preSolution
		Debug|Any CPU = Debug|Any CPU
		Release|Any CPU = Release|Any CPU
	EndGlobalSection
	GlobalSection(ProjectConfigurationPlatforms) = postSolution
		{BDFF1E14-2C65-4E9A-A806-738EAFBB0D94}.Debug|Any CPU.ActiveCfg = Debug|Any CPU
		{BDFF1E14-2C65-4E9A-A806-738EAFBB0D94}.Debug|Any CPU.Build.0 = Debug|Any CPU
		{BDFF1E14-2C65-4E9A-A806-738EAFBB0D94}.Release|Any CPU.ActiveCfg = Release|Any CPU
		{BDFF1E14-2C65-4E9A-A806-738EAFBB0D94}.Release|Any CPU.Build.0 = Release|Any CPU
	EndGlobalSection
	GlobalSection(SolutionProperties) = preSolution
		HideSolutionNode = FALSE
	EndGlobalSection
	GlobalSection(ExtensibilityGlobals) = postSolution
		SolutionGuid = {04899CC4-C6C7-4217-9550-D156E0291EC6}
	EndGlobalSection
EndGlobal
